{
  "name": "arbeitsblatt06",
  "version": "1.0.0",
  "lockfileVersion": 3,
  "requires": true,
  "packages": {
    "": {
      "name": "arbeitsblatt06",
      "version": "1.0.0",
      "license": "ISC",
      "dependencies": {
        "jester": "^0.2.3"
      }
    },
    "node_modules/docopt": {
      "version": "0.4.1",
      "resolved": "https://registry.npmjs.org/docopt/-/docopt-0.4.1.tgz",
      "integrity": "sha512-0N9gEXD/Q/YhEQoCxks478dhz5dchVozPC7qr9vIvzZP0aF/08msLLKm/ufQEmPrrlNaHAZF+konw6wS2UNUlg==",
      "engines": {
        "node": ">=0.8.0"
      }
    },
    "node_modules/jester": {
      "version": "0.2.3",
      "resolved": "https://registry.npmjs.org/jester/-/jester-0.2.3.tgz",
      "integrity": "sha512-25RUt+lzQVUFfxl73sYi+zAd1I3IdkHRj1xNlOLke7mEm+7DUnm+9gSE9am5a1TM+jm7HSmht3PLfPALlDW30Q==",
      "dependencies": {
        "docopt": "~0.4.0"
      },
      "bin": {
        "jester": "cli.js"
      }
    }
  }
}
